// !$*UTF8*$!
{
	archiveVersion = 1;
	classes = {
	};
	objectVersion = 55;
	objects = {

/* Begin PBXBuildFile section */
		9C06F2882766060D0080DEF9 /* screenshot01.png in Resources */ = {isa = PBXBuildFile; fileRef = 9C06F2872766060D0080DEF9 /* screenshot01.png */; };
		9C06F28A276606170080DEF9 /* screenshot02.png in Resources */ = {isa = PBXBuildFile; fileRef = 9C06F289276606170080DEF9 /* screenshot02.png */; };
		9C06F28C276606200080DEF9 /* screenshot03.png in Resources */ = {isa = PBXBuildFile; fileRef = 9C06F28B276606200080DEF9 /* screenshot03.png */; };
		9C06F28E276606260080DEF9 /* screenshot04.png in Resources */ = {isa = PBXBuildFile; fileRef = 9C06F28D276606260080DEF9 /* screenshot04.png */; };
		9C06F290276606310080DEF9 /* screenshot05.png in Resources */ = {isa = PBXBuildFile; fileRef = 9C06F28F276606310080DEF9 /* screenshot05.png */; };
		9C06F292276606370080DEF9 /* screenshot06.png in Resources */ = {isa = PBXBuildFile; fileRef = 9C06F291276606370080DEF9 /* screenshot06.png */; };
		9C0AB8EB2761F9D60023A3F0 /* README.md in Resources */ = {isa = PBXBuildFile; fileRef = 9C0AB8EA2761F9D60023A3F0 /* README.md */; };
		9C69A55C275DFAD0009096CF /* AppDelegate.swift in Sources */ = {isa = PBXBuildFile; fileRef = 9C69A55B275DFAD0009096CF /* AppDelegate.swift */; };
		9C69A55E275DFAD0009096CF /* SceneDelegate.swift in Sources */ = {isa = PBXBuildFile; fileRef = 9C69A55D275DFAD0009096CF /* SceneDelegate.swift */; };
		9C69A560275DFAD0009096CF /* WelcomeViewController.swift in Sources */ = {isa = PBXBuildFile; fileRef = 9C69A55F275DFAD0009096CF /* WelcomeViewController.swift */; };
		9C69A563275DFAD0009096CF /* Main.storyboard in Resources */ = {isa = PBXBuildFile; fileRef = 9C69A561275DFAD0009096CF /* Main.storyboard */; };
		9C69A565275DFAD2009096CF /* Assets.xcassets in Resources */ = {isa = PBXBuildFile; fileRef = 9C69A564275DFAD2009096CF /* Assets.xcassets */; };
		9C69A568275DFAD2009096CF /* LaunchScreen.storyboard in Resources */ = {isa = PBXBuildFile; fileRef = 9C69A566275DFAD2009096CF /* LaunchScreen.storyboard */; };
		9C69A570275E047F009096CF /* QuestionViewController.swift in Sources */ = {isa = PBXBuildFile; fileRef = 9C69A56F275E047F009096CF /* QuestionViewController.swift */; };
		9C69A573275E119E009096CF /* ResultsViewController.swift in Sources */ = {isa = PBXBuildFile; fileRef = 9C69A572275E119E009096CF /* ResultsViewController.swift */; };
		9C69A578275E208F009096CF /* Question.swift in Sources */ = {isa = PBXBuildFile; fileRef = 9C69A577275E208F009096CF /* Question.swift */; };
		9C69A57A275E2107009096CF /* ResponseType.swift in Sources */ = {isa = PBXBuildFile; fileRef = 9C69A579275E2107009096CF /* ResponseType.swift */; };
		9C69A57C275E2173009096CF /* Answer.swift in Sources */ = {isa = PBXBuildFile; fileRef = 9C69A57B275E2173009096CF /* Answer.swift */; };
		9C69A57E275E21CF009096CF /* PlaceToGo.swift in Sources */ = {isa = PBXBuildFile; fileRef = 9C69A57D275E21CF009096CF /* PlaceToGo.swift */; };
		9CD102BD2764C70E00BD0AD7 /* заставка.jpeg in Resources */ = {isa = PBXBuildFile; fileRef = 9CD102BC2764C70E00BD0AD7 /* заставка.jpeg */; };
		9CD102C02764D2C500BD0AD7 /* еда.jpeg in Resources */ = {isa = PBXBuildFile; fileRef = 9CD102BF2764D2C500BD0AD7 /* еда.jpeg */; };
		9CD102C42764DA6C00BD0AD7 /* море.jpeg in Resources */ = {isa = PBXBuildFile; fileRef = 9CD102C32764DA6C00BD0AD7 /* море.jpeg */; };
		9CD102C62764F16400BD0AD7 /* природа.jpeg in Resources */ = {isa = PBXBuildFile; fileRef = 9CD102C52764F16400BD0AD7 /* природа.jpeg */; };
		9CD102C82765D93F00BD0AD7 /* экск.jpeg in Resources */ = {isa = PBXBuildFile; fileRef = 9CD102C72765D93F00BD0AD7 /* экск.jpeg */; };
		9CD102CA2765EF8F00BD0AD7 /* tahiti.jpeg in Resources */ = {isa = PBXBuildFile; fileRef = 9CD102C92765EF8F00BD0AD7 /* tahiti.jpeg */; };
		9CD102CC2765EFA200BD0AD7 /* australia.jpeg in Resources */ = {isa = PBXBuildFile; fileRef = 9CD102CB2765EFA200BD0AD7 /* australia.jpeg */; };
		9CD102CE2765EFD200BD0AD7 /* greenland.jpeg in Resources */ = {isa = PBXBuildFile; fileRef = 9CD102CD2765EFD200BD0AD7 /* greenland.jpeg */; };
		9CD102D02765F00200BD0AD7 /* karelia.jpeg in Resources */ = {isa = PBXBuildFile; fileRef = 9CD102CF2765F00200BD0AD7 /* karelia.jpeg */; };
		9CD102D42765F05700BD0AD7 /* club.jpeg in Resources */ = {isa = PBXBuildFile; fileRef = 9CD102D32765F05700BD0AD7 /* club.jpeg */; };
		9CD102D62765F06200BD0AD7 /* tahiti1.jpeg in Resources */ = {isa = PBXBuildFile; fileRef = 9CD102D52765F06200BD0AD7 /* tahiti1.jpeg */; };
/* End PBXBuildFile section */

/* Begin PBXFileReference section */
		9C06F2872766060D0080DEF9 /* screenshot01.png */ = {isa = PBXFileReference; lastKnownFileType = image.png; path = screenshot01.png; sourceTree = "<group>"; };
		9C06F289276606170080DEF9 /* screenshot02.png */ = {isa = PBXFileReference; lastKnownFileType = image.png; path = screenshot02.png; sourceTree = "<group>"; };
		9C06F28B276606200080DEF9 /* screenshot03.png */ = {isa = PBXFileReference; lastKnownFileType = image.png; path = screenshot03.png; sourceTree = "<group>"; };
		9C06F28D276606260080DEF9 /* screenshot04.png */ = {isa = PBXFileReference; lastKnownFileType = image.png; path = screenshot04.png; sourceTree = "<group>"; };
		9C06F28F276606310080DEF9 /* screenshot05.png */ = {isa = PBXFileReference; lastKnownFileType = image.png; path = screenshot05.png; sourceTree = "<group>"; };
		9C06F291276606370080DEF9 /* screenshot06.png */ = {isa = PBXFileReference; lastKnownFileType = image.png; path = screenshot06.png; sourceTree = "<group>"; };
		9C0AB8EA2761F9D60023A3F0 /* README.md */ = {isa = PBXFileReference; fileEncoding = 4; lastKnownFileType = net.daringfireball.markdown; path = README.md; sourceTree = "<group>"; };
		9C69A558275DFAD0009096CF /* Quiz 2021.app */ = {isa = PBXFileReference; explicitFileType = wrapper.application; includeInIndex = 0; path = "Quiz 2021.app"; sourceTree = BUILT_PRODUCTS_DIR; };
		9C69A55B275DFAD0009096CF /* AppDelegate.swift */ = {isa = PBXFileReference; lastKnownFileType = sourcecode.swift; path = AppDelegate.swift; sourceTree = "<group>"; };
		9C69A55D275DFAD0009096CF /* SceneDelegate.swift */ = {isa = PBXFileReference; lastKnownFileType = sourcecode.swift; path = SceneDelegate.swift; sourceTree = "<group>"; };
		9C69A55F275DFAD0009096CF /* WelcomeViewController.swift */ = {isa = PBXFileReference; lastKnownFileType = sourcecode.swift; path = WelcomeViewController.swift; sourceTree = "<group>"; };
		9C69A562275DFAD0009096CF /* Base */ = {isa = PBXFileReference; lastKnownFileType = file.storyboard; name = Base; path = Base.lproj/Main.storyboard; sourceTree = "<group>"; };
		9C69A564275DFAD2009096CF /* Assets.xcassets */ = {isa = PBXFileReference; lastKnownFileType = folder.assetcatalog; path = Assets.xcassets; sourceTree = "<group>"; };
		9C69A567275DFAD2009096CF /* Base */ = {isa = PBXFileReference; lastKnownFileType = file.storyboard; name = Base; path = Base.lproj/LaunchScreen.storyboard; sourceTree = "<group>"; };
		9C69A569275DFAD2009096CF /* Info.plist */ = {isa = PBXFileReference; lastKnownFileType = text.plist.xml; path = Info.plist; sourceTree = "<group>"; };
		9C69A56F275E047F009096CF /* QuestionViewController.swift */ = {isa = PBXFileReference; lastKnownFileType = sourcecode.swift; path = QuestionViewController.swift; sourceTree = "<group>"; };
		9C69A572275E119E009096CF /* ResultsViewController.swift */ = {isa = PBXFileReference; lastKnownFileType = sourcecode.swift; path = ResultsViewController.swift; sourceTree = "<group>"; };
		9C69A577275E208F009096CF /* Question.swift */ = {isa = PBXFileReference; lastKnownFileType = sourcecode.swift; path = Question.swift; sourceTree = "<group>"; };
		9C69A579275E2107009096CF /* ResponseType.swift */ = {isa = PBXFileReference; lastKnownFileType = sourcecode.swift; path = ResponseType.swift; sourceTree = "<group>"; };
		9C69A57B275E2173009096CF /* Answer.swift */ = {isa = PBXFileReference; lastKnownFileType = sourcecode.swift; path = Answer.swift; sourceTree = "<group>"; };
		9C69A57D275E21CF009096CF /* PlaceToGo.swift */ = {isa = PBXFileReference; lastKnownFileType = sourcecode.swift; path = PlaceToGo.swift; sourceTree = "<group>"; };
		9CD102BC2764C70E00BD0AD7 /* заставка.jpeg */ = {isa = PBXFileReference; lastKnownFileType = image.jpeg; path = "заставка.jpeg"; sourceTree = "<group>"; };
		9CD102BF2764D2C500BD0AD7 /* еда.jpeg */ = {isa = PBXFileReference; lastKnownFileType = image.jpeg; path = "еда.jpeg"; sourceTree = "<group>"; };
		9CD102C32764DA6C00BD0AD7 /* море.jpeg */ = {isa = PBXFileReference; lastKnownFileType = image.jpeg; path = "море.jpeg"; sourceTree = "<group>"; };
		9CD102C52764F16400BD0AD7 /* природа.jpeg */ = {isa = PBXFileReference; lastKnownFileType = image.jpeg; path = "природа.jpeg"; sourceTree = "<group>"; };
		9CD102C72765D93F00BD0AD7 /* экск.jpeg */ = {isa = PBXFileReference; lastKnownFileType = image.jpeg; path = "экск.jpeg"; sourceTree = "<group>"; };
		9CD102C92765EF8F00BD0AD7 /* tahiti.jpeg */ = {isa = PBXFileReference; lastKnownFileType = image.jpeg; path = tahiti.jpeg; sourceTree = "<group>"; };
		9CD102CB2765EFA200BD0AD7 /* australia.jpeg */ = {isa = PBXFileReference; lastKnownFileType = image.jpeg; path = australia.jpeg; sourceTree = "<group>"; };
		9CD102CD2765EFD200BD0AD7 /* greenland.jpeg */ = {isa = PBXFileReference; lastKnownFileType = image.jpeg; path = greenland.jpeg; sourceTree = "<group>"; };
		9CD102CF2765F00200BD0AD7 /* karelia.jpeg */ = {isa = PBXFileReference; lastKnownFileType = image.jpeg; path = karelia.jpeg; sourceTree = "<group>"; };
		9CD102D32765F05700BD0AD7 /* club.jpeg */ = {isa = PBXFileReference; lastKnownFileType = image.jpeg; path = club.jpeg; sourceTree = "<group>"; };
		9CD102D52765F06200BD0AD7 /* tahiti1.jpeg */ = {isa = PBXFileReference; lastKnownFileType = image.jpeg; path = tahiti1.jpeg; sourceTree = "<group>"; };
/* End PBXFileReference section */

/* Begin PBXFrameworksBuildPhase section */
		9C69A555275DFAD0009096CF /* Frameworks */ = {
			isa = PBXFrameworksBuildPhase;
			buildActionMask = 2147483647;
			files = (
			);
			runOnlyForDeploymentPostprocessing = 0;
		};
/* End PBXFrameworksBuildPhase section */

/* Begin PBXGroup section */
		9C0AB8DF2761F7CF0023A3F0 /* Screenshots */ = {
			isa = PBXGroup;
			children = (
				9C06F2872766060D0080DEF9 /* screenshot01.png */,
				9C06F289276606170080DEF9 /* screenshot02.png */,
				9C06F28B276606200080DEF9 /* screenshot03.png */,
				9C06F28D276606260080DEF9 /* screenshot04.png */,
				9C06F28F276606310080DEF9 /* screenshot05.png */,
				9C06F291276606370080DEF9 /* screenshot06.png */,
			);
			path = Screenshots;
			sourceTree = "<group>";
		};
		9C69A54F275DFAD0009096CF = {
			isa = PBXGroup;
			children = (
				9C0AB8EA2761F9D60023A3F0 /* README.md */,
				9C69A55A275DFAD0009096CF /* Quiz 2021 */,
				9C69A559275DFAD0009096CF /* Products */,
			);
			sourceTree = "<group>";
		};
		9C69A559275DFAD0009096CF /* Products */ = {
			isa = PBXGroup;
			children = (
				9C69A558275DFAD0009096CF /* Quiz 2021.app */,
			);
			name = Products;
			sourceTree = "<group>";
		};
		9C69A55A275DFAD0009096CF /* Quiz 2021 */ = {
			isa = PBXGroup;
			children = (
				9CD102BE2764CE1B00BD0AD7 /* Pictures */,
				9C0AB8DF2761F7CF0023A3F0 /* Screenshots */,
				9C69A576275E1F38009096CF /* App */,
				9C69A574275E1EF1009096CF /* Models */,
				9C69A575275E1F09009096CF /* View */,
				9C69A571275E049B009096CF /* View Controllers */,
			);
			path = "Quiz 2021";
			sourceTree = "<group>";
		};
		9C69A571275E049B009096CF /* View Controllers */ = {
			isa = PBXGroup;
			children = (
				9C69A55F275DFAD0009096CF /* WelcomeViewController.swift */,
				9C69A56F275E047F009096CF /* QuestionViewController.swift */,
				9C69A572275E119E009096CF /* ResultsViewController.swift */,
			);
			path = "View Controllers";
			sourceTree = "<group>";
		};
		9C69A574275E1EF1009096CF /* Models */ = {
			isa = PBXGroup;
			children = (
				9C69A577275E208F009096CF /* Question.swift */,
				9C69A579275E2107009096CF /* ResponseType.swift */,
				9C69A57B275E2173009096CF /* Answer.swift */,
				9C69A57D275E21CF009096CF /* PlaceToGo.swift */,
			);
			path = Models;
			sourceTree = "<group>";
		};
		9C69A575275E1F09009096CF /* View */ = {
			isa = PBXGroup;
			children = (
				9C69A566275DFAD2009096CF /* LaunchScreen.storyboard */,
				9C69A561275DFAD0009096CF /* Main.storyboard */,
			);
			path = View;
			sourceTree = "<group>";
		};
		9C69A576275E1F38009096CF /* App */ = {
			isa = PBXGroup;
			children = (
				9C69A55B275DFAD0009096CF /* AppDelegate.swift */,
				9C69A564275DFAD2009096CF /* Assets.xcassets */,
				9C69A569275DFAD2009096CF /* Info.plist */,
				9C69A55D275DFAD0009096CF /* SceneDelegate.swift */,
			);
			path = App;
			sourceTree = "<group>";
		};
		9CD102BE2764CE1B00BD0AD7 /* Pictures */ = {
			isa = PBXGroup;
			children = (
				9CD102C52764F16400BD0AD7 /* природа.jpeg */,
				9CD102C32764DA6C00BD0AD7 /* море.jpeg */,
				9CD102BF2764D2C500BD0AD7 /* еда.jpeg */,
				9CD102C72765D93F00BD0AD7 /* экск.jpeg */,
				9CD102C92765EF8F00BD0AD7 /* tahiti.jpeg */,
				9CD102CD2765EFD200BD0AD7 /* greenland.jpeg */,
				9CD102D52765F06200BD0AD7 /* tahiti1.jpeg */,
				9CD102CF2765F00200BD0AD7 /* karelia.jpeg */,
				9CD102BC2764C70E00BD0AD7 /* заставка.jpeg */,
				9CD102D32765F05700BD0AD7 /* club.jpeg */,
				9CD102CB2765EFA200BD0AD7 /* australia.jpeg */,
			);
			path = Pictures;
			sourceTree = "<group>";
		};
/* End PBXGroup section */

/* Begin PBXNativeTarget section */
		9C69A557275DFAD0009096CF /* Quiz 2021 */ = {
			isa = PBXNativeTarget;
			buildConfigurationList = 9C69A56C275DFAD2009096CF /* Build configuration list for PBXNativeTarget "Quiz 2021" */;
			buildPhases = (
				9C69A554275DFAD0009096CF /* Sources */,
				9C69A555275DFAD0009096CF /* Frameworks */,
				9C69A556275DFAD0009096CF /* Resources */,
			);
			buildRules = (
			);
			dependencies = (
			);
			name = "Quiz 2021";
			productName = "Quiz 2021";
			productReference = 9C69A558275DFAD0009096CF /* Quiz 2021.app */;
			productType = "com.apple.product-type.application";
		};
/* End PBXNativeTarget section */

/* Begin PBXProject section */
		9C69A550275DFAD0009096CF /* Project object */ = {
			isa = PBXProject;
			attributes = {
				BuildIndependentTargetsInParallel = 1;
				LastSwiftUpdateCheck = 1310;
				LastUpgradeCheck = 1310;
				TargetAttributes = {
					9C69A557275DFAD0009096CF = {
						CreatedOnToolsVersion = 13.1;
					};
				};
			};
			buildConfigurationList = 9C69A553275DFAD0009096CF /* Build configuration list for PBXProject "Quiz 2021" */;
			compatibilityVersion = "Xcode 13.0";
			developmentRegion = en;
			hasScannedForEncodings = 0;
			knownRegions = (
				en,
				Base,
			);
			mainGroup = 9C69A54F275DFAD0009096CF;
			productRefGroup = 9C69A559275DFAD0009096CF /* Products */;
			projectDirPath = "";
			projectRoot = "";
			targets = (
				9C69A557275DFAD0009096CF /* Quiz 2021 */,
			);
		};
/* End PBXProject section */

/* Begin PBXResourcesBuildPhase section */
		9C69A556275DFAD0009096CF /* Resources */ = {
			isa = PBXResourcesBuildPhase;
			buildActionMask = 2147483647;
			files = (
				9CD102C62764F16400BD0AD7 /* природа.jpeg in Resources */,
				9C06F292276606370080DEF9 /* screenshot06.png in Resources */,
				9CD102C02764D2C500BD0AD7 /* еда.jpeg in Resources */,
				9C69A568275DFAD2009096CF /* LaunchScreen.storyboard in Resources */,
				9CD102C42764DA6C00BD0AD7 /* море.jpeg in Resources */,
				9C69A565275DFAD2009096CF /* Assets.xcassets in Resources */,
				9C06F28A276606170080DEF9 /* screenshot02.png in Resources */,
				9C06F28E276606260080DEF9 /* screenshot04.png in Resources */,
				9CD102D62765F06200BD0AD7 /* tahiti1.jpeg in Resources */,
				9CD102CC2765EFA200BD0AD7 /* australia.jpeg in Resources */,
				9CD102C82765D93F00BD0AD7 /* экск.jpeg in Resources */,
				9C06F2882766060D0080DEF9 /* screenshot01.png in Resources */,
				9CD102CE2765EFD200BD0AD7 /* greenland.jpeg in Resources */,
				9C06F28C276606200080DEF9 /* screenshot03.png in Resources */,
				9C06F290276606310080DEF9 /* screenshot05.png in Resources */,
				9CD102D42765F05700BD0AD7 /* club.jpeg in Resources */,
				9C0AB8EB2761F9D60023A3F0 /* README.md in Resources */,
				9CD102CA2765EF8F00BD0AD7 /* tahiti.jpeg in Resources */,
				9C69A563275DFAD0009096CF /* Main.storyboard in Resources */,
				9CD102BD2764C70E00BD0AD7 /* заставка.jpeg in Resources */,
				9CD102D02765F00200BD0AD7 /* karelia.jpeg in Resources */,
			);
			runOnlyForDeploymentPostprocessing = 0;
		};
/* End PBXResourcesBuildPhase section */

/* Begin PBXSourcesBuildPhase section */
		9C69A554275DFAD0009096CF /* Sources */ = {
			isa = PBXSourcesBuildPhase;
			buildActionMask = 2147483647;
			files = (
				9C69A560275DFAD0009096CF /* WelcomeViewController.swift in Sources */,
				9C69A55C275DFAD0009096CF /* AppDelegate.swift in Sources */,
				9C69A570275E047F009096CF /* QuestionViewController.swift in Sources */,
				9C69A578275E208F009096CF /* Question.swift in Sources */,
				9C69A573275E119E009096CF /* ResultsViewController.swift in Sources */,
				9C69A55E275DFAD0009096CF /* SceneDelegate.swift in Sources */,
				9C69A57A275E2107009096CF /* ResponseType.swift in Sources */,
				9C69A57E275E21CF009096CF /* PlaceToGo.swift in Sources */,
				9C69A57C275E2173009096CF /* Answer.swift in Sources */,
			);
			runOnlyForDeploymentPostprocessing = 0;
		};
/* End PBXSourcesBuildPhase section */

/* Begin PBXVariantGroup section */
		9C69A561275DFAD0009096CF /* Main.storyboard */ = {
			isa = PBXVariantGroup;
			children = (
				9C69A562275DFAD0009096CF /* Base */,
			);
			name = Main.storyboard;
			sourceTree = "<group>";
		};
		9C69A566275DFAD2009096CF /* LaunchScreen.storyboard */ = {
			isa = PBXVariantGroup;
			children = (
				9C69A567275DFAD2009096CF /* Base */,
			);
			name = LaunchScreen.storyboard;
			sourceTree = "<group>";
		};
/* End PBXVariantGroup section */

/* Begin XCBuildConfiguration section */
		9C69A56A275DFAD2009096CF /* Debug */ = {
			isa = XCBuildConfiguration;
			buildSettings = {
				ALWAYS_SEARCH_USER_PATHS = NO;
				CLANG_ANALYZER_NONNULL = YES;
				CLANG_ANALYZER_NUMBER_OBJECT_CONVERSION = YES_AGGRESSIVE;
				CLANG_CXX_LANGUAGE_STANDARD = "gnu++17";
				CLANG_CXX_LIBRARY = "libc++";
				CLANG_ENABLE_MODULES = YES;
				CLANG_ENABLE_OBJC_ARC = YES;
				CLANG_ENABLE_OBJC_WEAK = YES;
				CLANG_WARN_BLOCK_CAPTURE_AUTORELEASING = YES;
				CLANG_WARN_BOOL_CONVERSION = YES;
				CLANG_WARN_COMMA = YES;
				CLANG_WARN_CONSTANT_CONVERSION = YES;
				CLANG_WARN_DEPRECATED_OBJC_IMPLEMENTATIONS = YES;
				CLANG_WARN_DIRECT_OBJC_ISA_USAGE = YES_ERROR;
				CLANG_WARN_DOCUMENTATION_COMMENTS = YES;
				CLANG_WARN_EMPTY_BODY = YES;
				CLANG_WARN_ENUM_CONVERSION = YES;
				CLANG_WARN_INFINITE_RECURSION = YES;
				CLANG_WARN_INT_CONVERSION = YES;
				CLANG_WARN_NON_LITERAL_NULL_CONVERSION = YES;
				CLANG_WARN_OBJC_IMPLICIT_RETAIN_SELF = YES;
				CLANG_WARN_OBJC_LITERAL_CONVERSION = YES;
				CLANG_WARN_OBJC_ROOT_CLASS = YES_ERROR;
				CLANG_WARN_QUOTED_INCLUDE_IN_FRAMEWORK_HEADER = YES;
				CLANG_WARN_RANGE_LOOP_ANALYSIS = YES;
				CLANG_WARN_STRICT_PROTOTYPES = YES;
				CLANG_WARN_SUSPICIOUS_MOVE = YES;
				CLANG_WARN_UNGUARDED_AVAILABILITY = YES_AGGRESSIVE;
				CLANG_WARN_UNREACHABLE_CODE = YES;
				CLANG_WARN__DUPLICATE_METHOD_MATCH = YES;
				COPY_PHASE_STRIP = NO;
				DEBUG_INFORMATION_FORMAT = dwarf;
				ENABLE_STRICT_OBJC_MSGSEND = YES;
				ENABLE_TESTABILITY = YES;
				GCC_C_LANGUAGE_STANDARD = gnu11;
				GCC_DYNAMIC_NO_PIC = NO;
				GCC_NO_COMMON_BLOCKS = YES;
				GCC_OPTIMIZATION_LEVEL = 0;
				GCC_PREPROCESSOR_DEFINITIONS = (
					"DEBUG=1",
					"$(inherited)",
				);
				GCC_WARN_64_TO_32_BIT_CONVERSION = YES;
				GCC_WARN_ABOUT_RETURN_TYPE = YES_ERROR;
				GCC_WARN_UNDECLARED_SELECTOR = YES;
				GCC_WARN_UNINITIALIZED_AUTOS = YES_AGGRESSIVE;
				GCC_WARN_UNUSED_FUNCTION = YES;
				GCC_WARN_UNUSED_VARIABLE = YES;
				IPHONEOS_DEPLOYMENT_TARGET = 15.0;
				MTL_ENABLE_DEBUG_INFO = INCLUDE_SOURCE;
				MTL_FAST_MATH = YES;
				ONLY_ACTIVE_ARCH = YES;
				SDKROOT = iphoneos;
				SWIFT_ACTIVE_COMPILATION_CONDITIONS = DEBUG;
				SWIFT_OPTIMIZATION_LEVEL = "-Onone";
			};
			name = Debug;
		};
		9C69A56B275DFAD2009096CF /* Release */ = {
			isa = XCBuildConfiguration;
			buildSettings = {
				ALWAYS_SEARCH_USER_PATHS = NO;
				CLANG_ANALYZER_NONNULL = YES;
				CLANG_ANALYZER_NUMBER_OBJECT_CONVERSION = YES_AGGRESSIVE;
				CLANG_CXX_LANGUAGE_STANDARD = "gnu++17";
				CLANG_CXX_LIBRARY = "libc++";
				CLANG_ENABLE_MODULES = YES;
				CLANG_ENABLE_OBJC_ARC = YES;
				CLANG_ENABLE_OBJC_WEAK = YES;
				CLANG_WARN_BLOCK_CAPTURE_AUTORELEASING = YES;
				CLANG_WARN_BOOL_CONVERSION = YES;
				CLANG_WARN_COMMA = YES;
				CLANG_WARN_CONSTANT_CONVERSION = YES;
				CLANG_WARN_DEPRECATED_OBJC_IMPLEMENTATIONS = YES;
				CLANG_WARN_DIRECT_OBJC_ISA_USAGE = YES_ERROR;
				CLANG_WARN_DOCUMENTATION_COMMENTS = YES;
				CLANG_WARN_EMPTY_BODY = YES;
				CLANG_WARN_ENUM_CONVERSION = YES;
				CLANG_WARN_INFINITE_RECURSION = YES;
				CLANG_WARN_INT_CONVERSION = YES;
				CLANG_WARN_NON_LITERAL_NULL_CONVERSION = YES;
				CLANG_WARN_OBJC_IMPLICIT_RETAIN_SELF = YES;
				CLANG_WARN_OBJC_LITERAL_CONVERSION = YES;
				CLANG_WARN_OBJC_ROOT_CLASS = YES_ERROR;
				CLANG_WARN_QUOTED_INCLUDE_IN_FRAMEWORK_HEADER = YES;
				CLANG_WARN_RANGE_LOOP_ANALYSIS = YES;
				CLANG_WARN_STRICT_PROTOTYPES = YES;
				CLANG_WARN_SUSPICIOUS_MOVE = YES;
				CLANG_WARN_UNGUARDED_AVAILABILITY = YES_AGGRESSIVE;
				CLANG_WARN_UNREACHABLE_CODE = YES;
				CLANG_WARN__DUPLICATE_METHOD_MATCH = YES;
				COPY_PHASE_STRIP = NO;
				DEBUG_INFORMATION_FORMAT = "dwarf-with-dsym";
				ENABLE_NS_ASSERTIONS = NO;
				ENABLE_STRICT_OBJC_MSGSEND = YES;
				GCC_C_LANGUAGE_STANDARD = gnu11;
				GCC_NO_COMMON_BLOCKS = YES;
				GCC_WARN_64_TO_32_BIT_CONVERSION = YES;
				GCC_WARN_ABOUT_RETURN_TYPE = YES_ERROR;
				GCC_WARN_UNDECLARED_SELECTOR = YES;
				GCC_WARN_UNINITIALIZED_AUTOS = YES_AGGRESSIVE;
				GCC_WARN_UNUSED_FUNCTION = YES;
				GCC_WARN_UNUSED_VARIABLE = YES;
				IPHONEOS_DEPLOYMENT_TARGET = 15.0;
				MTL_ENABLE_DEBUG_INFO = NO;
				MTL_FAST_MATH = YES;
				SDKROOT = iphoneos;
				SWIFT_COMPILATION_MODE = wholemodule;
				SWIFT_OPTIMIZATION_LEVEL = "-O";
				VALIDATE_PRODUCT = YES;
			};
			name = Release;
		};
		9C69A56D275DFAD2009096CF /* Debug */ = {
			isa = XCBuildConfiguration;
			buildSettings = {
				ASSETCATALOG_COMPILER_APPICON_NAME = AppIcon;
				ASSETCATALOG_COMPILER_GLOBAL_ACCENT_COLOR_NAME = AccentColor;
				CODE_SIGN_STYLE = Automatic;
				CURRENT_PROJECT_VERSION = 1;
				DEVELOPMENT_TEAM = 273LY85RU3;
				GENERATE_INFOPLIST_FILE = YES;
				INFOPLIST_FILE = "Quiz 2021/App/Info.plist";
				INFOPLIST_KEY_UIApplicationSupportsIndirectInputEvents = YES;
				INFOPLIST_KEY_UILaunchStoryboardName = LaunchScreen;
				INFOPLIST_KEY_UIMainStoryboardFile = Main;
				INFOPLIST_KEY_UISupportedInterfaceOrientations_iPad = "UIInterfaceOrientationPortrait UIInterfaceOrientationPortraitUpsideDown UIInterfaceOrientationLandscapeLeft UIInterfaceOrientationLandscapeRight";
				INFOPLIST_KEY_UISupportedInterfaceOrientations_iPhone = "UIInterfaceOrientationPortrait UIInterfaceOrientationLandscapeLeft UIInterfaceOrientationLandscapeRight";
				LD_RUNPATH_SEARCH_PATHS = (
					"$(inherited)",
					"@executable_path/Frameworks",
				);
				MARKETING_VERSION = 1.0;
				PRODUCT_BUNDLE_IDENTIFIER = "app.vg.Quiz-2021";
				PRODUCT_NAME = "$(TARGET_NAME)";
				SWIFT_EMIT_LOC_STRINGS = YES;
				SWIFT_VERSION = 5.0;
				TARGETED_DEVICE_FAMILY = "1,2";
			};
			name = Debug;
		};
		9C69A56E275DFAD2009096CF /* Release */ = {
			isa = XCBuildConfiguration;
			buildSettings = {
				ASSETCATALOG_COMPILER_APPICON_NAME = AppIcon;
				ASSETCATALOG_COMPILER_GLOBAL_ACCENT_COLOR_NAME = AccentColor;
				CODE_SIGN_STYLE = Automatic;
				CURRENT_PROJECT_VERSION = 1;
				DEVELOPMENT_TEAM = 273LY85RU3;
				GENERATE_INFOPLIST_FILE = YES;
				INFOPLIST_FILE = "Quiz 2021/App/Info.plist";
				INFOPLIST_KEY_UIApplicationSupportsIndirectInputEvents = YES;
				INFOPLIST_KEY_UILaunchStoryboardName = LaunchScreen;
				INFOPLIST_KEY_UIMainStoryboardFile = Main;
				INFOPLIST_KEY_UISupportedInterfaceOrientations_iPad = "UIInterfaceOrientationPortrait UIInterfaceOrientationPortraitUpsideDown UIInterfaceOrientationLandscapeLeft UIInterfaceOrientationLandscapeRight";
				INFOPLIST_KEY_UISupportedInterfaceOrientations_iPhone = "UIInterfaceOrientationPortrait UIInterfaceOrientationLandscapeLeft UIInterfaceOrientationLandscapeRight";
				LD_RUNPATH_SEARCH_PATHS = (
					"$(inherited)",
					"@executable_path/Frameworks",
				);
				MARKETING_VERSION = 1.0;
				PRODUCT_BUNDLE_IDENTIFIER = "app.vg.Quiz-2021";
				PRODUCT_NAME = "$(TARGET_NAME)";
				SWIFT_EMIT_LOC_STRINGS = YES;
				SWIFT_VERSION = 5.0;
				TARGETED_DEVICE_FAMILY = "1,2";
			};
			name = Release;
		};
/* End XCBuildConfiguration section */

/* Begin XCConfigurationList section */
		9C69A553275DFAD0009096CF /* Build configuration list for PBXProject "Quiz 2021" */ = {
			isa = XCConfigurationList;
			buildConfigurations = (
				9C69A56A275DFAD2009096CF /* Debug */,
				9C69A56B275DFAD2009096CF /* Release */,
			);
			defaultConfigurationIsVisible = 0;
			defaultConfigurationName = Release;
		};
		9C69A56C275DFAD2009096CF /* Build configuration list for PBXNativeTarget "Quiz 2021" */ = {
			isa = XCConfigurationList;
			buildConfigurations = (
				9C69A56D275DFAD2009096CF /* Debug */,
				9C69A56E275DFAD2009096CF /* Release */,
			);
			defaultConfigurationIsVisible = 0;
			defaultConfigurationName = Release;
		};
/* End XCConfigurationList section */
	};
	rootObject = 9C69A550275DFAD0009096CF /* Project object */;
}
